
Microsoft Visual Studio Solution File, Format Version 12.00
# Visual Studio 14
VisualStudioVersion = 14.0.25123.0
MinimumVisualStudioVersion = 10.0.40219.1
Project("{8BC9CEB8-8B4A-11D0-8D11-00A0C91BC942}") = "HW4-starter-code", "HW4-starter-code.vcxproj", "{4F802F2E-4DED-4DC7-8D9F-5903E7D9587C}"
EndProject
Global
	GlobalSection(SolutionConfigurationPlatforms) = preSolution
		Debug|x64 = Debug|x64
		Debug|x86 = Debug|x86
		Release|x64 = Release|x64
		Release|x86 = Release|x86
	EndGlobalSection
	GlobalSection(ProjectConfigurationPlatforms) = postSolution
		{4F802F2E-4DED-4DC7-8D9F-5903E7D9587C}.Debug|x64.ActiveCfg = Debug|x64
		{4F802F2E-4DED-4DC7-8D9F-5903E7D9587C}.Debug|x64.Build.0 = Debug|x64
		{4F802F2E-4DED-4DC7-8D9F-5903E7D9587C}.Debug|x86.ActiveCfg = Debug|Win32
		{4F802F2E-4DED-4DC7-8D9F-5903E7D9587C}.Debug|x86.Build.0 = Debug|Win32
		{4F802F2E-4DED-4DC7-8D9F-5903E7D9587C}.Release|x64.ActiveCfg = Release|x64
		{4F802F2E-4DED-4DC7-8D9F-5903E7D9587C}.Release|x64.Build.0 = Release|x64
		{4F802F2E-4DED-4DC7-8D9F-5903E7D9587C}.Release|x86.ActiveCfg = Release|Win32
		{4F802F2E-4DED-4DC7-8D9F-5903E7D9587C}.Release|x86.Build.0 = Release|Win32
	EndGlobalSection
	GlobalSection(SolutionProperties) = preSolution
		HideSolutionNode = FALSE
	EndGlobalSection
EndGlobal
